
Microsoft Visual Studio Solution File, Format Version 12.00
# Visual Studio 15
VisualStudioVersion = 15.0.27130.2027
MinimumVisualStudioVersion = 10.0.40219.1
Project("{9A19103F-16F7-4668-BE54-9A1E7A4F7556}") = "AspCore_Leilao", "AspCore_Leilao\AspCore_Leilao.csproj", "{D38D45F1-3BF6-4FE5-A1AC-1434B3433427}"
EndProject
Global
	GlobalSection(SolutionConfigurationPlatforms) = preSolution
		Debug|Any CPU = Debug|Any CPU
		Release|Any CPU = Release|Any CPU
	EndGlobalSection
	GlobalSection(ProjectConfigurationPlatforms) = postSolution
		{D38D45F1-3BF6-4FE5-A1AC-1434B3433427}.Debug|Any CPU.ActiveCfg = Debug|Any CPU
		{D38D45F1-3BF6-4FE5-A1AC-1434B3433427}.Debug|Any CPU.Build.0 = Debug|Any CPU
		{D38D45F1-3BF6-4FE5-A1AC-1434B3433427}.Release|Any CPU.ActiveCfg = Release|Any CPU
		{D38D45F1-3BF6-4FE5-A1AC-1434B3433427}.Release|Any CPU.Build.0 = Release|Any CPU
	EndGlobalSection
	GlobalSection(SolutionProperties) = preSolution
		HideSolutionNode = FALSE
	EndGlobalSection
	GlobalSection(ExtensibilityGlobals) = postSolution
		SolutionGuid = {75131162-7E54-4A17-965B-DB19F3E10D30}
	EndGlobalSection
EndGlobal
